// !$*UTF8*$!
{
	archiveVersion = 1;
	classes = {
	};
	objectVersion = 46;
	objects = {

/* Begin PBXBuildFile section */
		3A03008B1DB6365C00D909AC /* ctest.c in Sources */ = {isa = PBXBuildFile; fileRef = 3A03008A1DB6365C00D909AC /* ctest.c */; };
		3A03008F1DB6E2CC00D909AC /* ctest_c.c in Sources */ = {isa = PBXBuildFile; fileRef = 3A03008D1DB6E2CC00D909AC /* ctest_c.c */; };
		3A3E11551DB6206200075808 /* audioio.cpp in Sources */ = {isa = PBXBuildFile; fileRef = 3A3E11421DB6206200075808 /* audioio.cpp */; };
		3A3E11561DB6206200075808 /* cheaptrick.cpp in Sources */ = {isa = PBXBuildFile; fileRef = 3A3E11441DB6206200075808 /* cheaptrick.cpp */; };
		3A3E11571DB6206200075808 /* common.cpp in Sources */ = {isa = PBXBuildFile; fileRef = 3A3E11451DB6206200075808 /* common.cpp */; };
		3A3E115A1DB6206200075808 /* d4c.cpp in Sources */ = {isa = PBXBuildFile; fileRef = 3A3E114A1DB6206200075808 /* d4c.cpp */; };
		3A3E115B1DB6206200075808 /* dio.cpp in Sources */ = {isa = PBXBuildFile; fileRef = 3A3E114B1DB6206200075808 /* dio.cpp */; };
		3A3E115C1DB6206200075808 /* fft.cpp in Sources */ = {isa = PBXBuildFile; fileRef = 3A3E114C1DB6206200075808 /* fft.cpp */; };
		3A3E115D1DB6206200075808 /* matlabfunctions.cpp in Sources */ = {isa = PBXBuildFile; fileRef = 3A3E114D1DB6206200075808 /* matlabfunctions.cpp */; };
		3A3E115E1DB6206200075808 /* stonemask.cpp in Sources */ = {isa = PBXBuildFile; fileRef = 3A3E114F1DB6206200075808 /* stonemask.cpp */; };
		3A3E115F1DB6206200075808 /* synthesis.cpp in Sources */ = {isa = PBXBuildFile; fileRef = 3A3E11501DB6206200075808 /* synthesis.cpp */; };
		3A3E11601DB6206200075808 /* synthesisrealtime.cpp in Sources */ = {isa = PBXBuildFile; fileRef = 3A3E11511DB6206200075808 /* synthesisrealtime.cpp */; };
		3A3E11611DB6206200075808 /* vaiueo2d.wav in Resources */ = {isa = PBXBuildFile; fileRef = 3A3E11521DB6206200075808 /* vaiueo2d.wav */; };
		3A3E11621DB6206200075808 /* world.cpp in Sources */ = {isa = PBXBuildFile; fileRef = 3A3E11531DB6206200075808 /* world.cpp */; };
		3A543EB01DB6197000AD1C0F /* AppDelegate.swift in Sources */ = {isa = PBXBuildFile; fileRef = 3A543EAF1DB6197000AD1C0F /* AppDelegate.swift */; };
		3A543EB21DB6197000AD1C0F /* ViewController.swift in Sources */ = {isa = PBXBuildFile; fileRef = 3A543EB11DB6197000AD1C0F /* ViewController.swift */; };
		3A543EB51DB6197000AD1C0F /* Main.storyboard in Resources */ = {isa = PBXBuildFile; fileRef = 3A543EB31DB6197000AD1C0F /* Main.storyboard */; };
		3A543EB71DB6197000AD1C0F /* Assets.xcassets in Resources */ = {isa = PBXBuildFile; fileRef = 3A543EB61DB6197000AD1C0F /* Assets.xcassets */; };
		3A543EBA1DB6197000AD1C0F /* LaunchScreen.storyboard in Resources */ = {isa = PBXBuildFile; fileRef = 3A543EB81DB6197000AD1C0F /* LaunchScreen.storyboard */; };
/* End PBXBuildFile section */

/* Begin PBXFileReference section */
		3A0300891DB6365C00D909AC /* ctest.h */ = {isa = PBXFileReference; fileEncoding = 4; lastKnownFileType = sourcecode.c.h; path = ctest.h; sourceTree = "<group>"; };
		3A03008A1DB6365C00D909AC /* ctest.c */ = {isa = PBXFileReference; fileEncoding = 4; lastKnownFileType = sourcecode.c.c; path = ctest.c; sourceTree = "<group>"; };
		3A03008C1DB6368900D909AC /* _Sound_Stone-Bridging-Header.h */ = {isa = PBXFileReference; lastKnownFileType = sourcecode.c.h; path = "_Sound_Stone-Bridging-Header.h"; sourceTree = "<group>"; };
		3A03008D1DB6E2CC00D909AC /* ctest_c.c */ = {isa = PBXFileReference; fileEncoding = 4; lastKnownFileType = sourcecode.c.c; path = ctest_c.c; sourceTree = "<group>"; };
		3A03008E1DB6E2CC00D909AC /* ctest_c.h */ = {isa = PBXFileReference; fileEncoding = 4; lastKnownFileType = sourcecode.c.h; path = ctest_c.h; sourceTree = "<group>"; };
		3A3E11371DB6204100075808 /* cheaptrick.h */ = {isa = PBXFileReference; fileEncoding = 4; lastKnownFileType = sourcecode.c.h; path = cheaptrick.h; sourceTree = "<group>"; };
		3A3E11381DB6204100075808 /* common.h */ = {isa = PBXFileReference; fileEncoding = 4; lastKnownFileType = sourcecode.c.h; path = common.h; sourceTree = "<group>"; };
		3A3E11391DB6204100075808 /* constantnumbers.h */ = {isa = PBXFileReference; fileEncoding = 4; lastKnownFileType = sourcecode.c.h; path = constantnumbers.h; sourceTree = "<group>"; };
		3A3E113A1DB6204100075808 /* d4c.h */ = {isa = PBXFileReference; fileEncoding = 4; lastKnownFileType = sourcecode.c.h; path = d4c.h; sourceTree = "<group>"; };
		3A3E113B1DB6204100075808 /* dio.h */ = {isa = PBXFileReference; fileEncoding = 4; lastKnownFileType = sourcecode.c.h; path = dio.h; sourceTree = "<group>"; };
		3A3E113C1DB6204100075808 /* fft.h */ = {isa = PBXFileReference; fileEncoding = 4; lastKnownFileType = sourcecode.c.h; path = fft.h; sourceTree = "<group>"; };
		3A3E113D1DB6204100075808 /* macrodefinitions.h */ = {isa = PBXFileReference; fileEncoding = 4; lastKnownFileType = sourcecode.c.h; path = macrodefinitions.h; sourceTree = "<group>"; };
		3A3E113E1DB6204100075808 /* matlabfunctions.h */ = {isa = PBXFileReference; fileEncoding = 4; lastKnownFileType = sourcecode.c.h; path = matlabfunctions.h; sourceTree = "<group>"; };
		3A3E113F1DB6204100075808 /* stonemask.h */ = {isa = PBXFileReference; fileEncoding = 4; lastKnownFileType = sourcecode.c.h; path = stonemask.h; sourceTree = "<group>"; };
		3A3E11401DB6204100075808 /* synthesis.h */ = {isa = PBXFileReference; fileEncoding = 4; lastKnownFileType = sourcecode.c.h; path = synthesis.h; sourceTree = "<group>"; };
		3A3E11411DB6204100075808 /* synthesisrealtime.h */ = {isa = PBXFileReference; fileEncoding = 4; lastKnownFileType = sourcecode.c.h; path = synthesisrealtime.h; sourceTree = "<group>"; };
		3A3E11421DB6206200075808 /* audioio.cpp */ = {isa = PBXFileReference; fileEncoding = 4; lastKnownFileType = sourcecode.cpp.cpp; path = audioio.cpp; sourceTree = "<group>"; };
		3A3E11431DB6206200075808 /* audioio.h */ = {isa = PBXFileReference; fileEncoding = 4; lastKnownFileType = sourcecode.c.h; path = audioio.h; sourceTree = "<group>"; };
		3A3E11441DB6206200075808 /* cheaptrick.cpp */ = {isa = PBXFileReference; fileEncoding = 4; lastKnownFileType = sourcecode.cpp.cpp; path = cheaptrick.cpp; sourceTree = "<group>"; };
		3A3E11451DB6206200075808 /* common.cpp */ = {isa = PBXFileReference; fileEncoding = 4; lastKnownFileType = sourcecode.cpp.cpp; path = common.cpp; sourceTree = "<group>"; };
		3A3E114A1DB6206200075808 /* d4c.cpp */ = {isa = PBXFileReference; fileEncoding = 4; lastKnownFileType = sourcecode.cpp.cpp; path = d4c.cpp; sourceTree = "<group>"; };
		3A3E114B1DB6206200075808 /* dio.cpp */ = {isa = PBXFileReference; fileEncoding = 4; lastKnownFileType = sourcecode.cpp.cpp; path = dio.cpp; sourceTree = "<group>"; };
		3A3E114C1DB6206200075808 /* fft.cpp */ = {isa = PBXFileReference; fileEncoding = 4; lastKnownFileType = sourcecode.cpp.cpp; path = fft.cpp; sourceTree = "<group>"; };
		3A3E114D1DB6206200075808 /* matlabfunctions.cpp */ = {isa = PBXFileReference; fileEncoding = 4; lastKnownFileType = sourcecode.cpp.cpp; path = matlabfunctions.cpp; sourceTree = "<group>"; };
		3A3E114F1DB6206200075808 /* stonemask.cpp */ = {isa = PBXFileReference; fileEncoding = 4; lastKnownFileType = sourcecode.cpp.cpp; path = stonemask.cpp; sourceTree = "<group>"; };
		3A3E11501DB6206200075808 /* synthesis.cpp */ = {isa = PBXFileReference; fileEncoding = 4; lastKnownFileType = sourcecode.cpp.cpp; path = synthesis.cpp; sourceTree = "<group>"; };
		3A3E11511DB6206200075808 /* synthesisrealtime.cpp */ = {isa = PBXFileReference; fileEncoding = 4; lastKnownFileType = sourcecode.cpp.cpp; path = synthesisrealtime.cpp; sourceTree = "<group>"; };
		3A3E11521DB6206200075808 /* vaiueo2d.wav */ = {isa = PBXFileReference; lastKnownFileType = audio.wav; path = vaiueo2d.wav; sourceTree = "<group>"; };
		3A3E11531DB6206200075808 /* world.cpp */ = {isa = PBXFileReference; fileEncoding = 4; lastKnownFileType = sourcecode.cpp.cpp; path = world.cpp; sourceTree = "<group>"; };
		3A3E11541DB6206200075808 /* world.h */ = {isa = PBXFileReference; fileEncoding = 4; lastKnownFileType = sourcecode.c.h; path = world.h; sourceTree = "<group>"; };
		3A543EAC1DB6197000AD1C0F /* _Sound_Stone.app */ = {isa = PBXFileReference; explicitFileType = wrapper.application; includeInIndex = 0; path = _Sound_Stone.app; sourceTree = BUILT_PRODUCTS_DIR; };
		3A543EAF1DB6197000AD1C0F /* AppDelegate.swift */ = {isa = PBXFileReference; lastKnownFileType = sourcecode.swift; path = AppDelegate.swift; sourceTree = "<group>"; };
		3A543EB11DB6197000AD1C0F /* ViewController.swift */ = {isa = PBXFileReference; lastKnownFileType = sourcecode.swift; path = ViewController.swift; sourceTree = "<group>"; };
		3A543EB41DB6197000AD1C0F /* Base */ = {isa = PBXFileReference; lastKnownFileType = file.storyboard; name = Base; path = Base.lproj/Main.storyboard; sourceTree = "<group>"; };
		3A543EB61DB6197000AD1C0F /* Assets.xcassets */ = {isa = PBXFileReference; lastKnownFileType = folder.assetcatalog; path = Assets.xcassets; sourceTree = "<group>"; };
		3A543EB91DB6197000AD1C0F /* Base */ = {isa = PBXFileReference; lastKnownFileType = file.storyboard; name = Base; path = Base.lproj/LaunchScreen.storyboard; sourceTree = "<group>"; };
		3A543EBB1DB6197000AD1C0F /* Info.plist */ = {isa = PBXFileReference; lastKnownFileType = text.plist.xml; path = Info.plist; sourceTree = "<group>"; };
/* End PBXFileReference section */

/* Begin PBXFrameworksBuildPhase section */
		3A543EA91DB6197000AD1C0F /* Frameworks */ = {
			isa = PBXFrameworksBuildPhase;
			buildActionMask = 2147483647;
			files = (
			);
			runOnlyForDeploymentPostprocessing = 0;
		};
/* End PBXFrameworksBuildPhase section */

/* Begin PBXGroup section */
		3A3E11361DB6204100075808 /* world */ = {
			isa = PBXGroup;
			children = (
				3A3E11371DB6204100075808 /* cheaptrick.h */,
				3A3E11381DB6204100075808 /* common.h */,
				3A3E11391DB6204100075808 /* constantnumbers.h */,
				3A3E113A1DB6204100075808 /* d4c.h */,
				3A3E113B1DB6204100075808 /* dio.h */,
				3A3E113C1DB6204100075808 /* fft.h */,
				3A3E113D1DB6204100075808 /* macrodefinitions.h */,
				3A3E113E1DB6204100075808 /* matlabfunctions.h */,
				3A3E113F1DB6204100075808 /* stonemask.h */,
				3A3E11401DB6204100075808 /* synthesis.h */,
				3A3E11411DB6204100075808 /* synthesisrealtime.h */,
			);
			path = world;
			sourceTree = "<group>";
		};
		3A543EA31DB6197000AD1C0F = {
			isa = PBXGroup;
			children = (
				3A543EAE1DB6197000AD1C0F /* _Sound_Stone */,
				3A543EAD1DB6197000AD1C0F /* Products */,
			);
			sourceTree = "<group>";
		};
		3A543EAD1DB6197000AD1C0F /* Products */ = {
			isa = PBXGroup;
			children = (
				3A543EAC1DB6197000AD1C0F /* _Sound_Stone.app */,
			);
			name = Products;
			sourceTree = "<group>";
		};
		3A543EAE1DB6197000AD1C0F /* _Sound_Stone */ = {
			isa = PBXGroup;
			children = (
				3A03008C1DB6368900D909AC /* _Sound_Stone-Bridging-Header.h */,
				3A3E11361DB6204100075808 /* world */,
				3A543EAF1DB6197000AD1C0F /* AppDelegate.swift */,
				3A543EB11DB6197000AD1C0F /* ViewController.swift */,
				3A543EB31DB6197000AD1C0F /* Main.storyboard */,
				3A03008D1DB6E2CC00D909AC /* ctest_c.c */,
				3A03008E1DB6E2CC00D909AC /* ctest_c.h */,
				3A0300891DB6365C00D909AC /* ctest.h */,
				3A03008A1DB6365C00D909AC /* ctest.c */,
				3A543EB61DB6197000AD1C0F /* Assets.xcassets */,
				3A543EB81DB6197000AD1C0F /* LaunchScreen.storyboard */,
				3A543EBB1DB6197000AD1C0F /* Info.plist */,
				3A3E11421DB6206200075808 /* audioio.cpp */,
				3A3E11431DB6206200075808 /* audioio.h */,
				3A3E11441DB6206200075808 /* cheaptrick.cpp */,
				3A3E11451DB6206200075808 /* common.cpp */,
				3A3E114A1DB6206200075808 /* d4c.cpp */,
				3A3E114B1DB6206200075808 /* dio.cpp */,
				3A3E114C1DB6206200075808 /* fft.cpp */,
				3A3E114D1DB6206200075808 /* matlabfunctions.cpp */,
				3A3E114F1DB6206200075808 /* stonemask.cpp */,
				3A3E11501DB6206200075808 /* synthesis.cpp */,
				3A3E11511DB6206200075808 /* synthesisrealtime.cpp */,
				3A3E11521DB6206200075808 /* vaiueo2d.wav */,
				3A3E11531DB6206200075808 /* world.cpp */,
				3A3E11541DB6206200075808 /* world.h */,
			);
			path = _Sound_Stone;
			sourceTree = "<group>";
		};
/* End PBXGroup section */

/* Begin PBXNativeTarget section */
		3A543EAB1DB6197000AD1C0F /* _Sound_Stone */ = {
			isa = PBXNativeTarget;
			buildConfigurationList = 3A543EBE1DB6197000AD1C0F /* Build configuration list for PBXNativeTarget "_Sound_Stone" */;
			buildPhases = (
				3A543EA81DB6197000AD1C0F /* Sources */,
				3A543EA91DB6197000AD1C0F /* Frameworks */,
				3A543EAA1DB6197000AD1C0F /* Resources */,
			);
			buildRules = (
			);
			dependencies = (
			);
			name = _Sound_Stone;
			productName = _Sound_Stone;
			productReference = 3A543EAC1DB6197000AD1C0F /* _Sound_Stone.app */;
			productType = "com.apple.product-type.application";
		};
/* End PBXNativeTarget section */

/* Begin PBXProject section */
		3A543EA41DB6197000AD1C0F /* Project object */ = {
			isa = PBXProject;
			attributes = {
				LastSwiftUpdateCheck = 0800;
				LastUpgradeCheck = 0800;
				ORGANIZATIONNAME = "Yusuke Watanabe";
				TargetAttributes = {
					3A543EAB1DB6197000AD1C0F = {
						CreatedOnToolsVersion = 8.0;
						DevelopmentTeam = XBX9D3R87M;
						LastSwiftMigration = 0800;
						ProvisioningStyle = Automatic;
					};
				};
			};
			buildConfigurationList = 3A543EA71DB6197000AD1C0F /* Build configuration list for PBXProject "_Sound_Stone" */;
			compatibilityVersion = "Xcode 3.2";
			developmentRegion = English;
			hasScannedForEncodings = 0;
			knownRegions = (
				en,
				Base,
			);
			mainGroup = 3A543EA31DB6197000AD1C0F;
			productRefGroup = 3A543EAD1DB6197000AD1C0F /* Products */;
			projectDirPath = "";
			projectRoot = "";
			targets = (
				3A543EAB1DB6197000AD1C0F /* _Sound_Stone */,
			);
		};
/* End PBXProject section */

/* Begin PBXResourcesBuildPhase section */
		3A543EAA1DB6197000AD1C0F /* Resources */ = {
			isa = PBXResourcesBuildPhase;
			buildActionMask = 2147483647;
			files = (
				3A543EBA1DB6197000AD1C0F /* LaunchScreen.storyboard in Resources */,
				3A543EB71DB6197000AD1C0F /* Assets.xcassets in Resources */,
				3A543EB51DB6197000AD1C0F /* Main.storyboard in Resources */,
				3A3E11611DB6206200075808 /* vaiueo2d.wav in Resources */,
			);
			runOnlyForDeploymentPostprocessing = 0;
		};
/* End PBXResourcesBuildPhase section */

/* Begin PBXSourcesBuildPhase section */
		3A543EA81DB6197000AD1C0F /* Sources */ = {
			isa = PBXSourcesBuildPhase;
			buildActionMask = 2147483647;
			files = (
				3A3E115D1DB6206200075808 /* matlabfunctions.cpp in Sources */,
				3A3E115B1DB6206200075808 /* dio.cpp in Sources */,
				3A543EB21DB6197000AD1C0F /* ViewController.swift in Sources */,
				3A3E115E1DB6206200075808 /* stonemask.cpp in Sources */,
				3A3E11621DB6206200075808 /* world.cpp in Sources */,
				3A03008B1DB6365C00D909AC /* ctest.c in Sources */,
				3A3E115C1DB6206200075808 /* fft.cpp in Sources */,
				3A3E11561DB6206200075808 /* cheaptrick.cpp in Sources */,
				3A3E115F1DB6206200075808 /* synthesis.cpp in Sources */,
				3A3E11601DB6206200075808 /* synthesisrealtime.cpp in Sources */,
				3A3E11551DB6206200075808 /* audioio.cpp in Sources */,
				3A3E115A1DB6206200075808 /* d4c.cpp in Sources */,
				3A03008F1DB6E2CC00D909AC /* ctest_c.c in Sources */,
				3A543EB01DB6197000AD1C0F /* AppDelegate.swift in Sources */,
				3A3E11571DB6206200075808 /* common.cpp in Sources */,
			);
			runOnlyForDeploymentPostprocessing = 0;
		};
/* End PBXSourcesBuildPhase section */

/* Begin PBXVariantGroup section */
		3A543EB31DB6197000AD1C0F /* Main.storyboard */ = {
			isa = PBXVariantGroup;
			children = (
				3A543EB41DB6197000AD1C0F /* Base */,
			);
			name = Main.storyboard;
			sourceTree = "<group>";
		};
		3A543EB81DB6197000AD1C0F /* LaunchScreen.storyboard */ = {
			isa = PBXVariantGroup;
			children = (
				3A543EB91DB6197000AD1C0F /* Base */,
			);
			name = LaunchScreen.storyboard;
			sourceTree = "<group>";
		};
/* End PBXVariantGroup section */

/* Begin XCBuildConfiguration section */
		3A543EBC1DB6197000AD1C0F /* Debug */ = {
			isa = XCBuildConfiguration;
			buildSettings = {
				ALWAYS_SEARCH_USER_PATHS = NO;
				CLANG_ANALYZER_NONNULL = YES;
				CLANG_CXX_LANGUAGE_STANDARD = "gnu++0x";
				CLANG_CXX_LIBRARY = "libc++";
				CLANG_ENABLE_MODULES = YES;
				CLANG_ENABLE_OBJC_ARC = YES;
				CLANG_WARN_BOOL_CONVERSION = YES;
				CLANG_WARN_CONSTANT_CONVERSION = YES;
				CLANG_WARN_DIRECT_OBJC_ISA_USAGE = YES_ERROR;
				CLANG_WARN_DOCUMENTATION_COMMENTS = YES;
				CLANG_WARN_EMPTY_BODY = YES;
				CLANG_WARN_ENUM_CONVERSION = YES;
				CLANG_WARN_INFINITE_RECURSION = YES;
				CLANG_WARN_INT_CONVERSION = YES;
				CLANG_WARN_OBJC_ROOT_CLASS = YES_ERROR;
				CLANG_WARN_SUSPICIOUS_MOVES = YES;
				CLANG_WARN_UNREACHABLE_CODE = YES;
				CLANG_WARN__DUPLICATE_METHOD_MATCH = YES;
				"CODE_SIGN_IDENTITY[sdk=iphoneos*]" = "iPhone Developer";
				COPY_PHASE_STRIP = NO;
				DEBUG_INFORMATION_FORMAT = dwarf;
				ENABLE_STRICT_OBJC_MSGSEND = YES;
				ENABLE_TESTABILITY = YES;
				GCC_C_LANGUAGE_STANDARD = gnu99;
				GCC_DYNAMIC_NO_PIC = NO;
				GCC_NO_COMMON_BLOCKS = YES;
				GCC_OPTIMIZATION_LEVEL = 0;
				GCC_PREPROCESSOR_DEFINITIONS = (
					"DEBUG=1",
					"$(inherited)",
				);
				GCC_WARN_64_TO_32_BIT_CONVERSION = YES;
				GCC_WARN_ABOUT_RETURN_TYPE = YES_ERROR;
				GCC_WARN_UNDECLARED_SELECTOR = YES;
				GCC_WARN_UNINITIALIZED_AUTOS = YES_AGGRESSIVE;
				GCC_WARN_UNUSED_FUNCTION = YES;
				GCC_WARN_UNUSED_VARIABLE = YES;
				IPHONEOS_DEPLOYMENT_TARGET = 10.0;
				MTL_ENABLE_DEBUG_INFO = YES;
				ONLY_ACTIVE_ARCH = YES;
				SDKROOT = iphoneos;
				SWIFT_ACTIVE_COMPILATION_CONDITIONS = DEBUG;
				SWIFT_OPTIMIZATION_LEVEL = "-Onone";
				TARGETED_DEVICE_FAMILY = 2;
			};
			name = Debug;
		};
		3A543EBD1DB6197000AD1C0F /* Release */ = {
			isa = XCBuildConfiguration;
			buildSettings = {
				ALWAYS_SEARCH_USER_PATHS = NO;
				CLANG_ANALYZER_NONNULL = YES;
				CLANG_CXX_LANGUAGE_STANDARD = "gnu++0x";
				CLANG_CXX_LIBRARY = "libc++";
				CLANG_ENABLE_MODULES = YES;
				CLANG_ENABLE_OBJC_ARC = YES;
				CLANG_WARN_BOOL_CONVERSION = YES;
				CLANG_WARN_CONSTANT_CONVERSION = YES;
				CLANG_WARN_DIRECT_OBJC_ISA_USAGE = YES_ERROR;
				CLANG_WARN_DOCUMENTATION_COMMENTS = YES;
				CLANG_WARN_EMPTY_BODY = YES;
				CLANG_WARN_ENUM_CONVERSION = YES;
				CLANG_WARN_INFINITE_RECURSION = YES;
				CLANG_WARN_INT_CONVERSION = YES;
				CLANG_WARN_OBJC_ROOT_CLASS = YES_ERROR;
				CLANG_WARN_SUSPICIOUS_MOVES = YES;
				CLANG_WARN_UNREACHABLE_CODE = YES;
				CLANG_WARN__DUPLICATE_METHOD_MATCH = YES;
				"CODE_SIGN_IDENTITY[sdk=iphoneos*]" = "iPhone Developer";
				COPY_PHASE_STRIP = NO;
				DEBUG_INFORMATION_FORMAT = "dwarf-with-dsym";
				ENABLE_NS_ASSERTIONS = NO;
				ENABLE_STRICT_OBJC_MSGSEND = YES;
				GCC_C_LANGUAGE_STANDARD = gnu99;
				GCC_NO_COMMON_BLOCKS = YES;
				GCC_WARN_64_TO_32_BIT_CONVERSION = YES;
				GCC_WARN_ABOUT_RETURN_TYPE = YES_ERROR;
				GCC_WARN_UNDECLARED_SELECTOR = YES;
				GCC_WARN_UNINITIALIZED_AUTOS = YES_AGGRESSIVE;
				GCC_WARN_UNUSED_FUNCTION = YES;
				GCC_WARN_UNUSED_VARIABLE = YES;
				IPHONEOS_DEPLOYMENT_TARGET = 10.0;
				MTL_ENABLE_DEBUG_INFO = NO;
				SDKROOT = iphoneos;
				SWIFT_OPTIMIZATION_LEVEL = "-Owholemodule";
				TARGETED_DEVICE_FAMILY = 2;
				VALIDATE_PRODUCT = YES;
			};
			name = Release;
		};
		3A543EBF1DB6197000AD1C0F /* Debug */ = {
			isa = XCBuildConfiguration;
			buildSettings = {
				ASSETCATALOG_COMPILER_APPICON_NAME = AppIcon;
				CLANG_ENABLE_MODULES = YES;
				DEVELOPMENT_TEAM = XBX9D3R87M;
				INFOPLIST_FILE = _Sound_Stone/Info.plist;
				LD_RUNPATH_SEARCH_PATHS = "$(inherited) @executable_path/Frameworks";
				PRODUCT_BUNDLE_IDENTIFIER = "OzawaMoriseLab.-Sound-Stone.-Sound-Stone";
				PRODUCT_NAME = "$(TARGET_NAME)";
				SWIFT_OBJC_BRIDGING_HEADER = "_Sound_Stone/_Sound_Stone-Bridging-Header.h";
				SWIFT_OPTIMIZATION_LEVEL = "-Onone";
				SWIFT_VERSION = 3.0;
			};
			name = Debug;
		};
		3A543EC01DB6197000AD1C0F /* Release */ = {
			isa = XCBuildConfiguration;
			buildSettings = {
				ASSETCATALOG_COMPILER_APPICON_NAME = AppIcon;
				CLANG_ENABLE_MODULES = YES;
				DEVELOPMENT_TEAM = XBX9D3R87M;
				INFOPLIST_FILE = _Sound_Stone/Info.plist;
				LD_RUNPATH_SEARCH_PATHS = "$(inherited) @executable_path/Frameworks";
				PRODUCT_BUNDLE_IDENTIFIER = "OzawaMoriseLab.-Sound-Stone.-Sound-Stone";
				PRODUCT_NAME = "$(TARGET_NAME)";
				SWIFT_OBJC_BRIDGING_HEADER = "_Sound_Stone/_Sound_Stone-Bridging-Header.h";
				SWIFT_VERSION = 3.0;
			};
			name = Release;
		};
/* End XCBuildConfiguration section */

/* Begin XCConfigurationList section */
		3A543EA71DB6197000AD1C0F /* Build configuration list for PBXProject "_Sound_Stone" */ = {
			isa = XCConfigurationList;
			buildConfigurations = (
				3A543EBC1DB6197000AD1C0F /* Debug */,
				3A543EBD1DB6197000AD1C0F /* Release */,
			);
			defaultConfigurationIsVisible = 0;
			defaultConfigurationName = Release;
		};
		3A543EBE1DB6197000AD1C0F /* Build configuration list for PBXNativeTarget "_Sound_Stone" */ = {
			isa = XCConfigurationList;
			buildConfigurations = (
				3A543EBF1DB6197000AD1C0F /* Debug */,
				3A543EC01DB6197000AD1C0F /* Release */,
			);
			defaultConfigurationIsVisible = 0;
			defaultConfigurationName = Release;
		};
/* End XCConfigurationList section */
	};
	rootObject = 3A543EA41DB6197000AD1C0F /* Project object */;
}
